
Microsoft Visual Studio Solution File, Format Version 12.00
# Visual Studio Version 17
VisualStudioVersion = 17.9.34723.18
MinimumVisualStudioVersion = 10.0.40219.1
Project("{FAE04EC0-301F-11D3-BF4B-00C04F79EFBC}") = "ADO Transaction Demo", "ADO Transaction Demo\ADO Transaction Demo.csproj", "{230C4A60-3C8D-4B96-9EAB-5BFFA025780D}"
EndProject
Global
	GlobalSection(SolutionConfigurationPlatforms) = preSolution
		Debug|Any CPU = Debug|Any CPU
		Release|Any CPU = Release|Any CPU
	EndGlobalSection
	GlobalSection(ProjectConfigurationPlatforms) = postSolution
		{230C4A60-3C8D-4B96-9EAB-5BFFA025780D}.Debug|Any CPU.ActiveCfg = Debug|Any CPU
		{230C4A60-3C8D-4B96-9EAB-5BFFA025780D}.Debug|Any CPU.Build.0 = Debug|Any CPU
		{230C4A60-3C8D-4B96-9EAB-5BFFA025780D}.Release|Any CPU.ActiveCfg = Release|Any CPU
		{230C4A60-3C8D-4B96-9EAB-5BFFA025780D}.Release|Any CPU.Build.0 = Release|Any CPU
	EndGlobalSection
	GlobalSection(SolutionProperties) = preSolution
		HideSolutionNode = FALSE
	EndGlobalSection
	GlobalSection(ExtensibilityGlobals) = postSolution
		SolutionGuid = {3AB83162-1942-4528-8FFB-7183E07A0F7D}
	EndGlobalSection
EndGlobal
